
Microsoft Visual Studio Solution File, Format Version 12.00
# Visual Studio Version 16
VisualStudioVersion = 16.0.31229.75
MinimumVisualStudioVersion = 10.0.40219.1
Project("{8BC9CEB8-8B4A-11D0-8D11-00A0C91BC942}") = "2-pass-assembler", "2-pass-assembler\2-pass-assembler.vcxproj", "{99C744C4-9407-4599-A8A7-E5B69C88F48A}"
EndProject
Global
	GlobalSection(SolutionConfigurationPlatforms) = preSolution
		Debug|x64 = Debug|x64
		Debug|x86 = Debug|x86
		Release|x64 = Release|x64
		Release|x86 = Release|x86
	EndGlobalSection
	GlobalSection(ProjectConfigurationPlatforms) = postSolution
		{99C744C4-9407-4599-A8A7-E5B69C88F48A}.Debug|x64.ActiveCfg = Debug|x64
		{99C744C4-9407-4599-A8A7-E5B69C88F48A}.Debug|x64.Build.0 = Debug|x64
		{99C744C4-9407-4599-A8A7-E5B69C88F48A}.Debug|x86.ActiveCfg = Debug|Win32
		{99C744C4-9407-4599-A8A7-E5B69C88F48A}.Debug|x86.Build.0 = Debug|Win32
		{99C744C4-9407-4599-A8A7-E5B69C88F48A}.Release|x64.ActiveCfg = Release|x64
		{99C744C4-9407-4599-A8A7-E5B69C88F48A}.Release|x64.Build.0 = Release|x64
		{99C744C4-9407-4599-A8A7-E5B69C88F48A}.Release|x86.ActiveCfg = Release|Win32
		{99C744C4-9407-4599-A8A7-E5B69C88F48A}.Release|x86.Build.0 = Release|Win32
	EndGlobalSection
	GlobalSection(SolutionProperties) = preSolution
		HideSolutionNode = FALSE
	EndGlobalSection
	GlobalSection(ExtensibilityGlobals) = postSolution
		SolutionGuid = {E76CA6B9-A58C-454D-98C0-AE48A69958FC}
	EndGlobalSection
EndGlobal
